
Microsoft Visual Studio Solution File, Format Version 12.00
# Visual Studio Version 16
VisualStudioVersion = 16.0.32106.194
MinimumVisualStudioVersion = 10.0.40219.1
Project("{FAE04EC0-301F-11D3-BF4B-00C04F79EFBC}") = "Application.Repository", "Application.Repository\Application.Repository.csproj", "{841E8D8D-2968-4335-93A2-264AB1CB585B}"
EndProject
Project("{FAE04EC0-301F-11D3-BF4B-00C04F79EFBC}") = "Application.ConsoleClient", "Application.ConsoleClient\Application.ConsoleClient.csproj", "{E98AE9A2-44E8-4278-B4D6-475CE5502C7E}"
EndProject
Global
	GlobalSection(SolutionConfigurationPlatforms) = preSolution
		Debug|Any CPU = Debug|Any CPU
		Release|Any CPU = Release|Any CPU
	EndGlobalSection
	GlobalSection(ProjectConfigurationPlatforms) = postSolution
		{841E8D8D-2968-4335-93A2-264AB1CB585B}.Debug|Any CPU.ActiveCfg = Debug|Any CPU
		{841E8D8D-2968-4335-93A2-264AB1CB585B}.Debug|Any CPU.Build.0 = Debug|Any CPU
		{841E8D8D-2968-4335-93A2-264AB1CB585B}.Release|Any CPU.ActiveCfg = Release|Any CPU
		{841E8D8D-2968-4335-93A2-264AB1CB585B}.Release|Any CPU.Build.0 = Release|Any CPU
		{E98AE9A2-44E8-4278-B4D6-475CE5502C7E}.Debug|Any CPU.ActiveCfg = Debug|Any CPU
		{E98AE9A2-44E8-4278-B4D6-475CE5502C7E}.Debug|Any CPU.Build.0 = Debug|Any CPU
		{E98AE9A2-44E8-4278-B4D6-475CE5502C7E}.Release|Any CPU.ActiveCfg = Release|Any CPU
		{E98AE9A2-44E8-4278-B4D6-475CE5502C7E}.Release|Any CPU.Build.0 = Release|Any CPU
	EndGlobalSection
	GlobalSection(SolutionProperties) = preSolution
		HideSolutionNode = FALSE
	EndGlobalSection
	GlobalSection(ExtensibilityGlobals) = postSolution
		SolutionGuid = {BB7837F5-4022-4F2E-A0B4-6CA794EC85DB}
	EndGlobalSection
EndGlobal
